
Microsoft Visual Studio Solution File, Format Version 12.00
# Visual Studio Version 17
VisualStudioVersion = 17.11.35327.3
MinimumVisualStudioVersion = 10.0.40219.1
Project("{FAE04EC0-301F-11D3-BF4B-00C04F79EFBC}") = "Paint", "Paint\Paint.csproj", "{258264D1-4918-4DF5-BC9B-70F0A9E5BCC5}"
EndProject
Global
	GlobalSection(SolutionConfigurationPlatforms) = preSolution
		Debug|Any CPU = Debug|Any CPU
		Release|Any CPU = Release|Any CPU
	EndGlobalSection
	GlobalSection(ProjectConfigurationPlatforms) = postSolution
		{258264D1-4918-4DF5-BC9B-70F0A9E5BCC5}.Debug|Any CPU.ActiveCfg = Debug|Any CPU
		{258264D1-4918-4DF5-BC9B-70F0A9E5BCC5}.Debug|Any CPU.Build.0 = Debug|Any CPU
		{258264D1-4918-4DF5-BC9B-70F0A9E5BCC5}.Release|Any CPU.ActiveCfg = Release|Any CPU
		{258264D1-4918-4DF5-BC9B-70F0A9E5BCC5}.Release|Any CPU.Build.0 = Release|Any CPU
	EndGlobalSection
	GlobalSection(SolutionProperties) = preSolution
		HideSolutionNode = FALSE
	EndGlobalSection
	GlobalSection(ExtensibilityGlobals) = postSolution
		SolutionGuid = {0D639BCF-B3A4-4E46-98BD-26C2017F1BB7}
	EndGlobalSection
EndGlobal
